<?xml version="1.0" encoding="UTF-8"?>
<Project ToolsVersion="14.0" xmlns="http://schemas.microsoft.com/developer/msbuild/2003">
  <ItemGroup>
    <ClCompile Include="D:\Game-SDK\Code\StdAfx.cpp">
      <Filter>Main</Filter>
    </ClCompile>
    <ClCompile Include="D:\Game-SDK\Code\GamePlugin.cpp">
      <Filter>Main</Filter>
    </ClCompile>
    <ClCompile Include="D:\Game-SDK\Code\Game\GameRules.cpp">
      <Filter>Game</Filter>
    </ClCompile>
    <ClCompile Include="D:\Game-SDK\Code\Entities\Gameplay\Weapons\Bullet.cpp">
      <Filter>Entities\Gameplay\Weapons</Filter>
    </ClCompile>
    <ClCompile Include="D:\Game-SDK\Code\Entities\Gameplay\Weapons\Rifle.cpp">
      <Filter>Entities\Gameplay\Weapons</Filter>
    </ClCompile>
    <ClCompile Include="D:\Game-SDK\Code\Entities\Gameplay\SpawnPoint.cpp">
      <Filter>Entities\Gameplay</Filter>
    </ClCompile>
    <ClCompile Include="D:\Game-SDK\Code\Player\Player.cpp">
      <Filter>Player</Filter>
    </ClCompile>
    <ClCompile Include="D:\Game-SDK\Code\Player\Animations\PlayerAnimations.cpp">
      <Filter>Player\Animations</Filter>
    </ClCompile>
    <ClCompile Include="D:\Game-SDK\Code\Player\Input\PlayerInput.cpp">
      <Filter>Player\Input</Filter>
    </ClCompile>
    <ClCompile Include="D:\Game-SDK\Code\Player\Movement\PlayerMovement.cpp">
      <Filter>Player\Movement</Filter>
    </ClCompile>
    <ClCompile Include="D:\Game-SDK\Code\Player\View\PlayerView.cpp">
      <Filter>Player\View</Filter>
    </ClCompile>
  </ItemGroup>
  <ItemGroup>
    <ClInclude Include="D:\Game-SDK\Code\StdAfx.h">
      <Filter>Main</Filter>
    </ClInclude>
    <ClInclude Include="D:\Game-SDK\Code\GamePlugin.h">
      <Filter>Main</Filter>
    </ClInclude>
    <ClInclude Include="D:\Game-SDK\Code\Game\GameRules.h">
      <Filter>Game</Filter>
    </ClInclude>
    <ClInclude Include="D:\Game-SDK\Code\Entities\Gameplay\Weapons\Bullet.h">
      <Filter>Entities\Gameplay\Weapons</Filter>
    </ClInclude>
    <ClInclude Include="D:\Game-SDK\Code\Entities\Gameplay\Weapons\ISimpleWeapon.h">
      <Filter>Entities\Gameplay\Weapons</Filter>
    </ClInclude>
    <ClInclude Include="D:\Game-SDK\Code\Entities\Gameplay\Weapons\Rifle.h">
      <Filter>Entities\Gameplay\Weapons</Filter>
    </ClInclude>
    <ClInclude Include="D:\Game-SDK\Code\Entities\Gameplay\SpawnPoint.h">
      <Filter>Entities\Gameplay</Filter>
    </ClInclude>
    <ClInclude Include="D:\Game-SDK\Code\Entities\Helpers\ISimpleExtension.h">
      <Filter>Entities\Helpers</Filter>
    </ClInclude>
    <ClInclude Include="D:\Game-SDK\Code\Player\Player.h">
      <Filter>Player</Filter>
    </ClInclude>
    <ClInclude Include="D:\Game-SDK\Code\Player\ISimpleActor.h">
      <Filter>Player</Filter>
    </ClInclude>
    <ClInclude Include="D:\Game-SDK\Code\Player\Animations\PlayerAnimations.h">
      <Filter>Player\Animations</Filter>
    </ClInclude>
    <ClInclude Include="D:\Game-SDK\Code\Player\Input\PlayerInput.h">
      <Filter>Player\Input</Filter>
    </ClInclude>
    <ClInclude Include="D:\Game-SDK\Code\Player\Movement\PlayerMovement.h">
      <Filter>Player\Movement</Filter>
    </ClInclude>
    <ClInclude Include="D:\Game-SDK\Code\Player\View\PlayerView.h">
      <Filter>Player\View</Filter>
    </ClInclude>
  </ItemGroup>
  <ItemGroup>
    <CustomBuild Include="D:\Game-SDK\Code\CMakeLists.txt" />
  </ItemGroup>
  <ItemGroup>
    <Filter Include="Entities\Gameplay">
      <UniqueIdentifier>{57687442-AF91-3259-A13A-6E0E0B4F98D0}</UniqueIdentifier>
    </Filter>
    <Filter Include="Entities\Helpers">
      <UniqueIdentifier>{68049E86-7AAE-3A86-B729-DD0A1E5D8051}</UniqueIdentifier>
    </Filter>
    <Filter Include="Entities\Gameplay\Weapons">
      <UniqueIdentifier>{6F338D1D-81AB-3794-9AF7-54B1827D9368}</UniqueIdentifier>
    </Filter>
    <Filter Include="Main">
      <UniqueIdentifier>{0F9493C6-361A-3CAE-866E-594EC7DF1EBC}</UniqueIdentifier>
    </Filter>
    <Filter Include="Game">
      <UniqueIdentifier>{46C8A14E-989E-370D-BC2D-15B371DE1C0B}</UniqueIdentifier>
    </Filter>
    <Filter Include="Entities">
      <UniqueIdentifier>{D6DE8EB1-347E-329A-AFE8-EA4C3B4C23F5}</UniqueIdentifier>
    </Filter>
    <Filter Include="Player">
      <UniqueIdentifier>{79B489FE-4CDA-30BB-8FCD-BBB39CCB760A}</UniqueIdentifier>
    </Filter>
    <Filter Include="Player\Animations">
      <UniqueIdentifier>{F26959CC-4823-3786-9698-DAC6246D539F}</UniqueIdentifier>
    </Filter>
    <Filter Include="Player\Input">
      <UniqueIdentifier>{78A550E9-A8DD-36E2-82EA-202BDB5A8FBE}</UniqueIdentifier>
    </Filter>
    <Filter Include="Player\Movement">
      <UniqueIdentifier>{777B5FF2-B59E-32F5-AB05-05EF45D9D4DC}</UniqueIdentifier>
    </Filter>
    <Filter Include="Player\View">
      <UniqueIdentifier>{E4D25594-77D2-3EEA-A01C-B3E2567F46D6}</UniqueIdentifier>
    </Filter>
  </ItemGroup>
</Project>
